
Microsoft Visual Studio Solution File, Format Version 12.00
# Visual Studio Version 16
VisualStudioVersion = 16.0.31613.86
MinimumVisualStudioVersion = 10.0.40219.1
Project("{FAE04EC0-301F-11D3-BF4B-00C04F79EFBC}") = "Yatzy korrekt", "Yatzy korrekt.csproj", "{B161EF3A-999B-4F74-92A9-BD38C4CEDB53}"
EndProject
Global
	GlobalSection(SolutionConfigurationPlatforms) = preSolution
		Debug|Any CPU = Debug|Any CPU
		Release|Any CPU = Release|Any CPU
	EndGlobalSection
	GlobalSection(ProjectConfigurationPlatforms) = postSolution
		{B161EF3A-999B-4F74-92A9-BD38C4CEDB53}.Debug|Any CPU.ActiveCfg = Debug|Any CPU
		{B161EF3A-999B-4F74-92A9-BD38C4CEDB53}.Debug|Any CPU.Build.0 = Debug|Any CPU
		{B161EF3A-999B-4F74-92A9-BD38C4CEDB53}.Release|Any CPU.ActiveCfg = Release|Any CPU
		{B161EF3A-999B-4F74-92A9-BD38C4CEDB53}.Release|Any CPU.Build.0 = Release|Any CPU
	EndGlobalSection
	GlobalSection(SolutionProperties) = preSolution
		HideSolutionNode = FALSE
	EndGlobalSection
	GlobalSection(ExtensibilityGlobals) = postSolution
		SolutionGuid = {A4AE5FF9-09D8-4254-B5D6-73F1007C9088}
	EndGlobalSection
EndGlobal
